Microsoft Visual Studio Solution File, Format Version 12.00
# Visual Studio Version 17
VisualStudioVersion = 17.12.35527.113
MinimumVisualStudioVersion = 10.0.40219.1
Project("{FAE04EC0-301F-11D3-BF4B-00C04F79EFBC}") = "DenunciaDo.Domain", "DenunciaDo.Core.Domain\DenunciaDo.Domain.csproj", "{2FD5ED2B-10E4-47AE-90F1-27C3039A3074}"
EndProject
Project("{FAE04EC0-301F-11D3-BF4B-00C04F79EFBC}") = "DenunciaDo.Application", "DenunciaDo.Core.Application\DenunciaDo.Application.csproj", "{D202030D-BC6E-481C-B185-077ABBB9E9BD}"
EndProject
Project("{FAE04EC0-301F-11D3-BF4B-00C04F79EFBC}") = "DenunciaDo.Infrastructure", "DenunciaDo.Infrastructure\DenunciaDo.Infrastructure.csproj", "{2127F56F-C8C1-48BE-BA93-740C84D6227E}"
EndProject
Project("{FAE04EC0-301F-11D3-BF4B-00C04F79EFBC}") = "DenunciaDo.API", "DenunciaDo.API\DenunciaDo.API.csproj", "{11EB5C34-F9CB-4B9B-B762-A759FCA0DF0F}"
EndProject
Global
	GlobalSection(SolutionConfigurationPlatforms) = preSolution
		Debug|Any CPU = Debug|Any CPU
		Release|Any CPU = Release|Any CPU
	EndGlobalSection
	GlobalSection(ProjectConfigurationPlatforms) = postSolution
		{2FD5ED2B-10E4-47AE-90F1-27C3039A3074}.Debug|Any CPU.ActiveCfg = Debug|Any CPU
		{2FD5ED2B-10E4-47AE-90F1-27C3039A3074}.Debug|Any CPU.Build.0 = Debug|Any CPU
		{2FD5ED2B-10E4-47AE-90F1-27C3039A3074}.Release|Any CPU.ActiveCfg = Release|Any CPU
		{2FD5ED2B-10E4-47AE-90F1-27C3039A3074}.Release|Any CPU.Build.0 = Release|Any CPU
		{D202030D-BC6E-481C-B185-077ABBB9E9BD}.Debug|Any CPU.ActiveCfg = Debug|Any CPU
		{D202030D-BC6E-481C-B185-077ABBB9E9BD}.Debug|Any CPU.Build.0 = Debug|Any CPU
		{D202030D-BC6E-481C-B185-077ABBB9E9BD}.Release|Any CPU.ActiveCfg = Release|Any CPU
		{D202030D-BC6E-481C-B185-077ABBB9E9BD}.Release|Any CPU.Build.0 = Release|Any CPU
		{2127F56F-C8C1-48BE-BA93-740C84D6227E}.Debug|Any CPU.ActiveCfg = Debug|Any CPU
		{2127F56F-C8C1-48BE-BA93-740C84D6227E}.Debug|Any CPU.Build.0 = Debug|Any CPU
		{2127F56F-C8C1-48BE-BA93-740C84D6227E}.Release|Any CPU.ActiveCfg = Release|Any CPU
		{2127F56F-C8C1-48BE-BA93-740C84D6227E}.Release|Any CPU.Build.0 = Release|Any CPU
		{11EB5C34-F9CB-4B9B-B762-A759FCA0DF0F}.Debug|Any CPU.ActiveCfg = Debug|Any CPU
		{11EB5C34-F9CB-4B9B-B762-A759FCA0DF0F}.Debug|Any CPU.Build.0 = Debug|Any CPU
		{11EB5C34-F9CB-4B9B-B762-A759FCA0DF0F}.Release|Any CPU.ActiveCfg = Release|Any CPU
		{11EB5C34-F9CB-4B9B-B762-A759FCA0DF0F}.Release|Any CPU.Build.0 = Release|Any CPU
	EndGlobalSection
	GlobalSection(SolutionProperties) = preSolution
		HideSolutionNode = FALSE
	EndGlobalSection
EndGlobal
